
Microsoft Visual Studio Solution File, Format Version 12.00
# Visual Studio Version 16
VisualStudioVersion = 16.0.29411.108
MinimumVisualStudioVersion = 10.0.40219.1
Project("{FAE04EC0-301F-11D3-BF4B-00C04F79EFBC}") = "Splash_Screen", "Splash_Screen\Splash_Screen.csproj", "{2D562BA0-19FF-4309-ACB5-2ED4BF517D2C}"
EndProject
Global
	GlobalSection(SolutionConfigurationPlatforms) = preSolution
		Debug|Any CPU = Debug|Any CPU
		Release|Any CPU = Release|Any CPU
	EndGlobalSection
	GlobalSection(ProjectConfigurationPlatforms) = postSolution
		{2D562BA0-19FF-4309-ACB5-2ED4BF517D2C}.Debug|Any CPU.ActiveCfg = Debug|Any CPU
		{2D562BA0-19FF-4309-ACB5-2ED4BF517D2C}.Debug|Any CPU.Build.0 = Debug|Any CPU
		{2D562BA0-19FF-4309-ACB5-2ED4BF517D2C}.Release|Any CPU.ActiveCfg = Release|Any CPU
		{2D562BA0-19FF-4309-ACB5-2ED4BF517D2C}.Release|Any CPU.Build.0 = Release|Any CPU
	EndGlobalSection
	GlobalSection(SolutionProperties) = preSolution
		HideSolutionNode = FALSE
	EndGlobalSection
	GlobalSection(ExtensibilityGlobals) = postSolution
		SolutionGuid = {065D3FCF-58E7-49E4-9F72-D633306A3780}
	EndGlobalSection
EndGlobal
