
Microsoft Visual Studio Solution File, Format Version 12.00
# Visual Studio Version 16
VisualStudioVersion = 16.0.29411.108
MinimumVisualStudioVersion = 10.0.40219.1
Project("{FAE04EC0-301F-11D3-BF4B-00C04F79EFBC}") = "Calculo_Media", "Calculo_Media\Calculo_Media.csproj", "{C93D275E-615E-4EF9-95D6-0AAC211E3753}"
EndProject
Global
	GlobalSection(SolutionConfigurationPlatforms) = preSolution
		Debug|Any CPU = Debug|Any CPU
		Release|Any CPU = Release|Any CPU
	EndGlobalSection
	GlobalSection(ProjectConfigurationPlatforms) = postSolution
		{C93D275E-615E-4EF9-95D6-0AAC211E3753}.Debug|Any CPU.ActiveCfg = Debug|Any CPU
		{C93D275E-615E-4EF9-95D6-0AAC211E3753}.Debug|Any CPU.Build.0 = Debug|Any CPU
		{C93D275E-615E-4EF9-95D6-0AAC211E3753}.Release|Any CPU.ActiveCfg = Release|Any CPU
		{C93D275E-615E-4EF9-95D6-0AAC211E3753}.Release|Any CPU.Build.0 = Release|Any CPU
	EndGlobalSection
	GlobalSection(SolutionProperties) = preSolution
		HideSolutionNode = FALSE
	EndGlobalSection
	GlobalSection(ExtensibilityGlobals) = postSolution
		SolutionGuid = {BE162F07-5F29-4275-9401-DDC17D3AF4F3}
	EndGlobalSection
EndGlobal
