
Microsoft Visual Studio Solution File, Format Version 12.00
# Visual Studio Version 16
VisualStudioVersion = 16.0.29409.12
MinimumVisualStudioVersion = 10.0.40219.1
Project("{FAE04EC0-301F-11D3-BF4B-00C04F79EFBC}") = "HelloWorld_Windows", "HelloWorld_Windows\HelloWorld_Windows.csproj", "{DEF49E82-DA1D-4ABF-ABBA-B831B64A4353}"
EndProject
Global
	GlobalSection(SolutionConfigurationPlatforms) = preSolution
		Debug|Any CPU = Debug|Any CPU
		Release|Any CPU = Release|Any CPU
	EndGlobalSection
	GlobalSection(ProjectConfigurationPlatforms) = postSolution
		{DEF49E82-DA1D-4ABF-ABBA-B831B64A4353}.Debug|Any CPU.ActiveCfg = Debug|Any CPU
		{DEF49E82-DA1D-4ABF-ABBA-B831B64A4353}.Debug|Any CPU.Build.0 = Debug|Any CPU
		{DEF49E82-DA1D-4ABF-ABBA-B831B64A4353}.Release|Any CPU.ActiveCfg = Release|Any CPU
		{DEF49E82-DA1D-4ABF-ABBA-B831B64A4353}.Release|Any CPU.Build.0 = Release|Any CPU
	EndGlobalSection
	GlobalSection(SolutionProperties) = preSolution
		HideSolutionNode = FALSE
	EndGlobalSection
	GlobalSection(ExtensibilityGlobals) = postSolution
		SolutionGuid = {5E42D5C8-8179-44FE-BD26-F19B6A5EA17F}
	EndGlobalSection
EndGlobal
