
Microsoft Visual Studio Solution File, Format Version 12.00
# Visual Studio Version 16
VisualStudioVersion = 16.0.29411.108
MinimumVisualStudioVersion = 10.0.40219.1
Project("{FAE04EC0-301F-11D3-BF4B-00C04F79EFBC}") = "Array_multi", "Array_multi\Array_multi.csproj", "{4A678240-84ED-487E-B19E-FBF4317E138A}"
EndProject
Global
	GlobalSection(SolutionConfigurationPlatforms) = preSolution
		Debug|Any CPU = Debug|Any CPU
		Release|Any CPU = Release|Any CPU
	EndGlobalSection
	GlobalSection(ProjectConfigurationPlatforms) = postSolution
		{4A678240-84ED-487E-B19E-FBF4317E138A}.Debug|Any CPU.ActiveCfg = Debug|Any CPU
		{4A678240-84ED-487E-B19E-FBF4317E138A}.Debug|Any CPU.Build.0 = Debug|Any CPU
		{4A678240-84ED-487E-B19E-FBF4317E138A}.Release|Any CPU.ActiveCfg = Release|Any CPU
		{4A678240-84ED-487E-B19E-FBF4317E138A}.Release|Any CPU.Build.0 = Release|Any CPU
	EndGlobalSection
	GlobalSection(SolutionProperties) = preSolution
		HideSolutionNode = FALSE
	EndGlobalSection
	GlobalSection(ExtensibilityGlobals) = postSolution
		SolutionGuid = {13196631-6FE2-42B3-8631-F755F64B8AC3}
	EndGlobalSection
EndGlobal
